
Microsoft Visual Studio Solution File, Format Version 12.00
# Visual Studio Version 17
VisualStudioVersion = 17.2.32526.322
MinimumVisualStudioVersion = 10.0.40219.1
Project("{9A19103F-16F7-4668-BE54-9A1E7A4F7556}") = "TicketToolv2", "TicketToolv2.csproj", "{81F9FA6F-DA2B-4CED-BE95-D4639B63397F}"
EndProject
Project("{9A19103F-16F7-4668-BE54-9A1E7A4F7556}") = "TicketToolv2.Core", "..\TicketToolv2.Core\TicketToolv2.Core.csproj", "{89AD28E1-7572-4E93-800F-E81302837A30}"
EndProject
Project("{9A19103F-16F7-4668-BE54-9A1E7A4F7556}") = "TicketToolv2.Tests.MSTest", "..\TicketToolv2.Tests.MSTest\TicketToolv2.Tests.MSTest.csproj", "{472C863F-60B2-461E-AB0A-0910537F6295}"
EndProject
Global
	GlobalSection(SolutionConfigurationPlatforms) = preSolution
		Debug|Any CPU = Debug|Any CPU
		Debug|x64 = Debug|x64
		Debug|x86 = Debug|x86
		Release|Any CPU = Release|Any CPU
		Release|x64 = Release|x64
		Release|x86 = Release|x86
	EndGlobalSection
	GlobalSection(ProjectConfigurationPlatforms) = postSolution
		{81F9FA6F-DA2B-4CED-BE95-D4639B63397F}.Debug|Any CPU.ActiveCfg = Debug|Any CPU
		{81F9FA6F-DA2B-4CED-BE95-D4639B63397F}.Debug|Any CPU.Build.0 = Debug|Any CPU
		{81F9FA6F-DA2B-4CED-BE95-D4639B63397F}.Debug|x64.ActiveCfg = Debug|Any CPU
		{81F9FA6F-DA2B-4CED-BE95-D4639B63397F}.Debug|x64.Build.0 = Debug|Any CPU
		{81F9FA6F-DA2B-4CED-BE95-D4639B63397F}.Debug|x86.ActiveCfg = Debug|Any CPU
		{81F9FA6F-DA2B-4CED-BE95-D4639B63397F}.Debug|x86.Build.0 = Debug|Any CPU
		{81F9FA6F-DA2B-4CED-BE95-D4639B63397F}.Release|Any CPU.ActiveCfg = Release|Any CPU
		{81F9FA6F-DA2B-4CED-BE95-D4639B63397F}.Release|Any CPU.Build.0 = Release|Any CPU
		{81F9FA6F-DA2B-4CED-BE95-D4639B63397F}.Release|x64.ActiveCfg = Release|Any CPU
		{81F9FA6F-DA2B-4CED-BE95-D4639B63397F}.Release|x64.Build.0 = Release|Any CPU
		{81F9FA6F-DA2B-4CED-BE95-D4639B63397F}.Release|x86.ActiveCfg = Release|Any CPU
		{81F9FA6F-DA2B-4CED-BE95-D4639B63397F}.Release|x86.Build.0 = Release|Any CPU
		{89AD28E1-7572-4E93-800F-E81302837A30}.Debug|Any CPU.ActiveCfg = Debug|Any CPU
		{89AD28E1-7572-4E93-800F-E81302837A30}.Debug|Any CPU.Build.0 = Debug|Any CPU
		{89AD28E1-7572-4E93-800F-E81302837A30}.Debug|x64.ActiveCfg = Debug|Any CPU
		{89AD28E1-7572-4E93-800F-E81302837A30}.Debug|x64.Build.0 = Debug|Any CPU
		{89AD28E1-7572-4E93-800F-E81302837A30}.Debug|x86.ActiveCfg = Debug|Any CPU
		{89AD28E1-7572-4E93-800F-E81302837A30}.Debug|x86.Build.0 = Debug|Any CPU
		{89AD28E1-7572-4E93-800F-E81302837A30}.Release|Any CPU.ActiveCfg = Release|Any CPU
		{89AD28E1-7572-4E93-800F-E81302837A30}.Release|Any CPU.Build.0 = Release|Any CPU
		{89AD28E1-7572-4E93-800F-E81302837A30}.Release|x64.ActiveCfg = Release|Any CPU
		{89AD28E1-7572-4E93-800F-E81302837A30}.Release|x64.Build.0 = Release|Any CPU
		{89AD28E1-7572-4E93-800F-E81302837A30}.Release|x86.ActiveCfg = Release|Any CPU
		{89AD28E1-7572-4E93-800F-E81302837A30}.Release|x86.Build.0 = Release|Any CPU
		{472C863F-60B2-461E-AB0A-0910537F6295}.Debug|Any CPU.ActiveCfg = Debug|Any CPU
		{472C863F-60B2-461E-AB0A-0910537F6295}.Debug|Any CPU.Build.0 = Debug|Any CPU
		{472C863F-60B2-461E-AB0A-0910537F6295}.Debug|x64.ActiveCfg = Debug|x64
		{472C863F-60B2-461E-AB0A-0910537F6295}.Debug|x64.Build.0 = Debug|x64
		{472C863F-60B2-461E-AB0A-0910537F6295}.Debug|x86.ActiveCfg = Debug|x86
		{472C863F-60B2-461E-AB0A-0910537F6295}.Debug|x86.Build.0 = Debug|x86
		{472C863F-60B2-461E-AB0A-0910537F6295}.Release|Any CPU.ActiveCfg = Release|Any CPU
		{472C863F-60B2-461E-AB0A-0910537F6295}.Release|Any CPU.Build.0 = Release|Any CPU
		{472C863F-60B2-461E-AB0A-0910537F6295}.Release|x64.ActiveCfg = Release|x64
		{472C863F-60B2-461E-AB0A-0910537F6295}.Release|x64.Build.0 = Release|x64
		{472C863F-60B2-461E-AB0A-0910537F6295}.Release|x86.ActiveCfg = Release|x86
		{472C863F-60B2-461E-AB0A-0910537F6295}.Release|x86.Build.0 = Release|x86
	EndGlobalSection
	GlobalSection(SolutionProperties) = preSolution
		HideSolutionNode = FALSE
	EndGlobalSection
	GlobalSection(ExtensibilityGlobals) = postSolution
		SolutionGuid = {CB7644DD-6304-42E7-83F8-9E646C567D0A}
	EndGlobalSection
EndGlobal
